// !$*UTF8*$!
{
	archiveVersion = 1;
	classes = {
	};
	objectVersion = 48;
	objects = {

/* Begin PBXBuildFile section */
		3617D1B21FB748BC0050DECD /* AppDelegate.swift in Sources */ = {isa = PBXBuildFile; fileRef = 3617D1B11FB748BC0050DECD /* AppDelegate.swift */; };
		3617D1B41FB748BC0050DECD /* art.scnassets in Resources */ = {isa = PBXBuildFile; fileRef = 3617D1B31FB748BC0050DECD /* art.scnassets */; };
		3617D1B61FB748BC0050DECD /* GameViewController.swift in Sources */ = {isa = PBXBuildFile; fileRef = 3617D1B51FB748BC0050DECD /* GameViewController.swift */; };
		3617D1B91FB748BC0050DECD /* Main.storyboard in Resources */ = {isa = PBXBuildFile; fileRef = 3617D1B71FB748BC0050DECD /* Main.storyboard */; };
		3617D1BB1FB748BC0050DECD /* Assets.xcassets in Resources */ = {isa = PBXBuildFile; fileRef = 3617D1BA1FB748BC0050DECD /* Assets.xcassets */; };
		3617D1BE1FB748BC0050DECD /* LaunchScreen.storyboard in Resources */ = {isa = PBXBuildFile; fileRef = 3617D1BC1FB748BC0050DECD /* LaunchScreen.storyboard */; };
/* End PBXBuildFile section */

/* Begin PBXFileReference section */
		3617D1AE1FB748BC0050DECD /* GoldMiner3D.app */ = {isa = PBXFileReference; explicitFileType = wrapper.application; includeInIndex = 0; path = GoldMiner3D.app; sourceTree = BUILT_PRODUCTS_DIR; };
		3617D1B11FB748BC0050DECD /* AppDelegate.swift */ = {isa = PBXFileReference; lastKnownFileType = sourcecode.swift; path = AppDelegate.swift; sourceTree = "<group>"; };
		3617D1B31FB748BC0050DECD /* art.scnassets */ = {isa = PBXFileReference; lastKnownFileType = wrapper.scnassets; path = art.scnassets; sourceTree = "<group>"; };
		3617D1B51FB748BC0050DECD /* GameViewController.swift */ = {isa = PBXFileReference; lastKnownFileType = sourcecode.swift; path = GameViewController.swift; sourceTree = "<group>"; };
		3617D1B81FB748BC0050DECD /* Base */ = {isa = PBXFileReference; lastKnownFileType = file.storyboard; name = Base; path = Base.lproj/Main.storyboard; sourceTree = "<group>"; };
		3617D1BA1FB748BC0050DECD /* Assets.xcassets */ = {isa = PBXFileReference; lastKnownFileType = folder.assetcatalog; path = Assets.xcassets; sourceTree = "<group>"; };
		3617D1BD1FB748BC0050DECD /* Base */ = {isa = PBXFileReference; lastKnownFileType = file.storyboard; name = Base; path = Base.lproj/LaunchScreen.storyboard; sourceTree = "<group>"; };
		3617D1BF1FB748BC0050DECD /* Info.plist */ = {isa = PBXFileReference; lastKnownFileType = text.plist.xml; path = Info.plist; sourceTree = "<group>"; };
/* End PBXFileReference section */

/* Begin PBXFrameworksBuildPhase section */
		3617D1AB1FB748BC0050DECD /* Frameworks */ = {
			isa = PBXFrameworksBuildPhase;
			buildActionMask = 2147483647;
			files = (
			);
			runOnlyForDeploymentPostprocessing = 0;
		};
/* End PBXFrameworksBuildPhase section */

/* Begin PBXGroup section */
		3617D1A51FB748BC0050DECD = {
			isa = PBXGroup;
			children = (
				3617D1B01FB748BC0050DECD /* GoldMiner3D */,
				3617D1AF1FB748BC0050DECD /* Products */,
			);
			sourceTree = "<group>";
		};
		3617D1AF1FB748BC0050DECD /* Products */ = {
			isa = PBXGroup;
			children = (
				3617D1AE1FB748BC0050DECD /* GoldMiner3D.app */,
			);
			name = Products;
			sourceTree = "<group>";
		};
		3617D1B01FB748BC0050DECD /* GoldMiner3D */ = {
			isa = PBXGroup;
			children = (
				3617D1B11FB748BC0050DECD /* AppDelegate.swift */,
				3617D1B31FB748BC0050DECD /* art.scnassets */,
				3617D1B51FB748BC0050DECD /* GameViewController.swift */,
				3617D1B71FB748BC0050DECD /* Main.storyboard */,
				3617D1BA1FB748BC0050DECD /* Assets.xcassets */,
				3617D1BC1FB748BC0050DECD /* LaunchScreen.storyboard */,
				3617D1BF1FB748BC0050DECD /* Info.plist */,
			);
			path = GoldMiner3D;
			sourceTree = "<group>";
		};
/* End PBXGroup section */

/* Begin PBXNativeTarget section */
		3617D1AD1FB748BC0050DECD /* GoldMiner3D */ = {
			isa = PBXNativeTarget;
			buildConfigurationList = 3617D1C21FB748BC0050DECD /* Build configuration list for PBXNativeTarget "GoldMiner3D" */;
			buildPhases = (
				3617D1AA1FB748BC0050DECD /* Sources */,
				3617D1AB1FB748BC0050DECD /* Frameworks */,
				3617D1AC1FB748BC0050DECD /* Resources */,
			);
			buildRules = (
			);
			dependencies = (
			);
			name = GoldMiner3D;
			productName = GoldMiner3D;
			productReference = 3617D1AE1FB748BC0050DECD /* GoldMiner3D.app */;
			productType = "com.apple.product-type.application";
		};
/* End PBXNativeTarget section */

/* Begin PBXProject section */
		3617D1A61FB748BC0050DECD /* Project object */ = {
			isa = PBXProject;
			attributes = {
				LastSwiftUpdateCheck = 0910;
				LastUpgradeCheck = 0910;
				ORGANIZATIONNAME = Rachaus;
				TargetAttributes = {
					3617D1AD1FB748BC0050DECD = {
						CreatedOnToolsVersion = 9.1;
						ProvisioningStyle = Automatic;
					};
				};
			};
			buildConfigurationList = 3617D1A91FB748BC0050DECD /* Build configuration list for PBXProject "GoldMiner3D" */;
			compatibilityVersion = "Xcode 8.0";
			developmentRegion = en;
			hasScannedForEncodings = 0;
			knownRegions = (
				en,
				Base,
			);
			mainGroup = 3617D1A51FB748BC0050DECD;
			productRefGroup = 3617D1AF1FB748BC0050DECD /* Products */;
			projectDirPath = "";
			projectRoot = "";
			targets = (
				3617D1AD1FB748BC0050DECD /* GoldMiner3D */,
			);
		};
/* End PBXProject section */

/* Begin PBXResourcesBuildPhase section */
		3617D1AC1FB748BC0050DECD /* Resources */ = {
			isa = PBXResourcesBuildPhase;
			buildActionMask = 2147483647;
			files = (
				3617D1B41FB748BC0050DECD /* art.scnassets in Resources */,
				3617D1BE1FB748BC0050DECD /* LaunchScreen.storyboard in Resources */,
				3617D1BB1FB748BC0050DECD /* Assets.xcassets in Resources */,
				3617D1B91FB748BC0050DECD /* Main.storyboard in Resources */,
			);
			runOnlyForDeploymentPostprocessing = 0;
		};
/* End PBXResourcesBuildPhase section */

/* Begin PBXSourcesBuildPhase section */
		3617D1AA1FB748BC0050DECD /* Sources */ = {
			isa = PBXSourcesBuildPhase;
			buildActionMask = 2147483647;
			files = (
				3617D1B61FB748BC0050DECD /* GameViewController.swift in Sources */,
				3617D1B21FB748BC0050DECD /* AppDelegate.swift in Sources */,
			);
			runOnlyForDeploymentPostprocessing = 0;
		};
/* End PBXSourcesBuildPhase section */

/* Begin PBXVariantGroup section */
		3617D1B71FB748BC0050DECD /* Main.storyboard */ = {
			isa = PBXVariantGroup;
			children = (
				3617D1B81FB748BC0050DECD /* Base */,
			);
			name = Main.storyboard;
			sourceTree = "<group>";
		};
		3617D1BC1FB748BC0050DECD /* LaunchScreen.storyboard */ = {
			isa = PBXVariantGroup;
			children = (
				3617D1BD1FB748BC0050DECD /* Base */,
			);
			name = LaunchScreen.storyboard;
			sourceTree = "<group>";
		};
/* End PBXVariantGroup section */

/* Begin XCBuildConfiguration section */
		3617D1C01FB748BC0050DECD /* Debug */ = {
			isa = XCBuildConfiguration;
			buildSettings = {
				ALWAYS_SEARCH_USER_PATHS = NO;
				CLANG_ANALYZER_NONNULL = YES;
				CLANG_ANALYZER_NUMBER_OBJECT_CONVERSION = YES_AGGRESSIVE;
				CLANG_CXX_LANGUAGE_STANDARD = "gnu++14";
				CLANG_CXX_LIBRARY = "libc++";
				CLANG_ENABLE_MODULES = YES;
				CLANG_ENABLE_OBJC_ARC = YES;
				CLANG_WARN_BLOCK_CAPTURE_AUTORELEASING = YES;
				CLANG_WARN_BOOL_CONVERSION = YES;
				CLANG_WARN_COMMA = YES;
				CLANG_WARN_CONSTANT_CONVERSION = YES;
				CLANG_WARN_DIRECT_OBJC_ISA_USAGE = YES_ERROR;
				CLANG_WARN_DOCUMENTATION_COMMENTS = YES;
				CLANG_WARN_EMPTY_BODY = YES;
				CLANG_WARN_ENUM_CONVERSION = YES;
				CLANG_WARN_INFINITE_RECURSION = YES;
				CLANG_WARN_INT_CONVERSION = YES;
				CLANG_WARN_NON_LITERAL_NULL_CONVERSION = YES;
				CLANG_WARN_OBJC_LITERAL_CONVERSION = YES;
				CLANG_WARN_OBJC_ROOT_CLASS = YES_ERROR;
				CLANG_WARN_RANGE_LOOP_ANALYSIS = YES;
				CLANG_WARN_STRICT_PROTOTYPES = YES;
				CLANG_WARN_SUSPICIOUS_MOVE = YES;
				CLANG_WARN_UNGUARDED_AVAILABILITY = YES_AGGRESSIVE;
				CLANG_WARN_UNREACHABLE_CODE = YES;
				CLANG_WARN__DUPLICATE_METHOD_MATCH = YES;
				CODE_SIGN_IDENTITY = "iPhone Developer";
				COPY_PHASE_STRIP = NO;
				DEBUG_INFORMATION_FORMAT = dwarf;
				ENABLE_STRICT_OBJC_MSGSEND = YES;
				ENABLE_TESTABILITY = YES;
				GCC_C_LANGUAGE_STANDARD = gnu11;
				GCC_DYNAMIC_NO_PIC = NO;
				GCC_NO_COMMON_BLOCKS = YES;
				GCC_OPTIMIZATION_LEVEL = 0;
				GCC_PREPROCESSOR_DEFINITIONS = (
					"DEBUG=1",
					"$(inherited)",
				);
				GCC_WARN_64_TO_32_BIT_CONVERSION = YES;
				GCC_WARN_ABOUT_RETURN_TYPE = YES_ERROR;
				GCC_WARN_UNDECLARED_SELECTOR = YES;
				GCC_WARN_UNINITIALIZED_AUTOS = YES_AGGRESSIVE;
				GCC_WARN_UNUSED_FUNCTION = YES;
				GCC_WARN_UNUSED_VARIABLE = YES;
				IPHONEOS_DEPLOYMENT_TARGET = 11.1;
				MTL_ENABLE_DEBUG_INFO = YES;
				ONLY_ACTIVE_ARCH = YES;
				SDKROOT = iphoneos;
				SWIFT_ACTIVE_COMPILATION_CONDITIONS = DEBUG;
				SWIFT_OPTIMIZATION_LEVEL = "-Onone";
			};
			name = Debug;
		};
		3617D1C11FB748BC0050DECD /* Release */ = {
			isa = XCBuildConfiguration;
			buildSettings = {
				ALWAYS_SEARCH_USER_PATHS = NO;
				CLANG_ANALYZER_NONNULL = YES;
				CLANG_ANALYZER_NUMBER_OBJECT_CONVERSION = YES_AGGRESSIVE;
				CLANG_CXX_LANGUAGE_STANDARD = "gnu++14";
				CLANG_CXX_LIBRARY = "libc++";
				CLANG_ENABLE_MODULES = YES;
				CLANG_ENABLE_OBJC_ARC = YES;
				CLANG_WARN_BLOCK_CAPTURE_AUTORELEASING = YES;
				CLANG_WARN_BOOL_CONVERSION = YES;
				CLANG_WARN_COMMA = YES;
				CLANG_WARN_CONSTANT_CONVERSION = YES;
				CLANG_WARN_DIRECT_OBJC_ISA_USAGE = YES_ERROR;
				CLANG_WARN_DOCUMENTATION_COMMENTS = YES;
				CLANG_WARN_EMPTY_BODY = YES;
				CLANG_WARN_ENUM_CONVERSION = YES;
				CLANG_WARN_INFINITE_RECURSION = YES;
				CLANG_WARN_INT_CONVERSION = YES;
				CLANG_WARN_NON_LITERAL_NULL_CONVERSION = YES;
				CLANG_WARN_OBJC_LITERAL_CONVERSION = YES;
				CLANG_WARN_OBJC_ROOT_CLASS = YES_ERROR;
				CLANG_WARN_RANGE_LOOP_ANALYSIS = YES;
				CLANG_WARN_STRICT_PROTOTYPES = YES;
				CLANG_WARN_SUSPICIOUS_MOVE = YES;
				CLANG_WARN_UNGUARDED_AVAILABILITY = YES_AGGRESSIVE;
				CLANG_WARN_UNREACHABLE_CODE = YES;
				CLANG_WARN__DUPLICATE_METHOD_MATCH = YES;
				CODE_SIGN_IDENTITY = "iPhone Developer";
				COPY_PHASE_STRIP = NO;
				DEBUG_INFORMATION_FORMAT = "dwarf-with-dsym";
				ENABLE_NS_ASSERTIONS = NO;
				ENABLE_STRICT_OBJC_MSGSEND = YES;
				GCC_C_LANGUAGE_STANDARD = gnu11;
				GCC_NO_COMMON_BLOCKS = YES;
				GCC_WARN_64_TO_32_BIT_CONVERSION = YES;
				GCC_WARN_ABOUT_RETURN_TYPE = YES_ERROR;
				GCC_WARN_UNDECLARED_SELECTOR = YES;
				GCC_WARN_UNINITIALIZED_AUTOS = YES_AGGRESSIVE;
				GCC_WARN_UNUSED_FUNCTION = YES;
				GCC_WARN_UNUSED_VARIABLE = YES;
				IPHONEOS_DEPLOYMENT_TARGET = 11.1;
				MTL_ENABLE_DEBUG_INFO = NO;
				SDKROOT = iphoneos;
				SWIFT_OPTIMIZATION_LEVEL = "-Owholemodule";
				VALIDATE_PRODUCT = YES;
			};
			name = Release;
		};
		3617D1C31FB748BC0050DECD /* Debug */ = {
			isa = XCBuildConfiguration;
			buildSettings = {
				ASSETCATALOG_COMPILER_APPICON_NAME = AppIcon;
				CODE_SIGN_STYLE = Automatic;
				DEVELOPMENT_TEAM = G5J64VS4M5;
				INFOPLIST_FILE = GoldMiner3D/Info.plist;
				LD_RUNPATH_SEARCH_PATHS = "$(inherited) @executable_path/Frameworks";
				PRODUCT_BUNDLE_IDENTIFIER = rachaus.GoldMiner3D;
				PRODUCT_NAME = "$(TARGET_NAME)";
				SWIFT_VERSION = 4.0;
				TARGETED_DEVICE_FAMILY = "1,2";
			};
			name = Debug;
		};
		3617D1C41FB748BC0050DECD /* Release */ = {
			isa = XCBuildConfiguration;
			buildSettings = {
				ASSETCATALOG_COMPILER_APPICON_NAME = AppIcon;
				CODE_SIGN_STYLE = Automatic;
				DEVELOPMENT_TEAM = G5J64VS4M5;
				INFOPLIST_FILE = GoldMiner3D/Info.plist;
				LD_RUNPATH_SEARCH_PATHS = "$(inherited) @executable_path/Frameworks";
				PRODUCT_BUNDLE_IDENTIFIER = rachaus.GoldMiner3D;
				PRODUCT_NAME = "$(TARGET_NAME)";
				SWIFT_VERSION = 4.0;
				TARGETED_DEVICE_FAMILY = "1,2";
			};
			name = Release;
		};
/* End XCBuildConfiguration section */

/* Begin XCConfigurationList section */
		3617D1A91FB748BC0050DECD /* Build configuration list for PBXProject "GoldMiner3D" */ = {
			isa = XCConfigurationList;
			buildConfigurations = (
				3617D1C01FB748BC0050DECD /* Debug */,
				3617D1C11FB748BC0050DECD /* Release */,
			);
			defaultConfigurationIsVisible = 0;
			defaultConfigurationName = Release;
		};
		3617D1C21FB748BC0050DECD /* Build configuration list for PBXNativeTarget "GoldMiner3D" */ = {
			isa = XCConfigurationList;
			buildConfigurations = (
				3617D1C31FB748BC0050DECD /* Debug */,
				3617D1C41FB748BC0050DECD /* Release */,
			);
			defaultConfigurationIsVisible = 0;
			defaultConfigurationName = Release;
		};
/* End XCConfigurationList section */
	};
	rootObject = 3617D1A61FB748BC0050DECD /* Project object */;
}
